
Microsoft Visual Studio Solution File, Format Version 12.00
# Visual Studio Version 17
VisualStudioVersion = 17.14.37027.9 d17.14
MinimumVisualStudioVersion = 10.0.40219.1
Project("{FAE04EC0-301F-11D3-BF4B-00C04F79EFBC}") = "FileManagerLab5", "FileManagerLab5.csproj", "{97E209A6-FC14-4EE3-B0B9-B370AA20EB16}"
EndProject
Global
	GlobalSection(SolutionConfigurationPlatforms) = preSolution
		Debug|Any CPU = Debug|Any CPU
		Release|Any CPU = Release|Any CPU
	EndGlobalSection
	GlobalSection(ProjectConfigurationPlatforms) = postSolution
		{97E209A6-FC14-4EE3-B0B9-B370AA20EB16}.Debug|Any CPU.ActiveCfg = Debug|Any CPU
		{97E209A6-FC14-4EE3-B0B9-B370AA20EB16}.Debug|Any CPU.Build.0 = Debug|Any CPU
		{97E209A6-FC14-4EE3-B0B9-B370AA20EB16}.Release|Any CPU.ActiveCfg = Release|Any CPU
		{97E209A6-FC14-4EE3-B0B9-B370AA20EB16}.Release|Any CPU.Build.0 = Release|Any CPU
	EndGlobalSection
	GlobalSection(SolutionProperties) = preSolution
		HideSolutionNode = FALSE
	EndGlobalSection
	GlobalSection(ExtensibilityGlobals) = postSolution
		SolutionGuid = {F6A8638F-FE6D-4847-BE02-3A0DCF9762A4}
	EndGlobalSection
EndGlobal
